
Microsoft Visual Studio Solution File, Format Version 12.00
# Visual Studio Version 16
VisualStudioVersion = 16.0.30309.148
MinimumVisualStudioVersion = 10.0.40219.1
Project("{FAE04EC0-301F-11D3-BF4B-00C04F79EFBC}") = "TrabSistemaDeCaixaV1", "TrabSistemaDeCaixaV1.csproj", "{77BE55D8-4ED6-4168-83DA-A63AFD7655DD}"
EndProject
Global
	GlobalSection(SolutionConfigurationPlatforms) = preSolution
		Debug|Any CPU = Debug|Any CPU
		Release|Any CPU = Release|Any CPU
	EndGlobalSection
	GlobalSection(ProjectConfigurationPlatforms) = postSolution
		{77BE55D8-4ED6-4168-83DA-A63AFD7655DD}.Debug|Any CPU.ActiveCfg = Debug|Any CPU
		{77BE55D8-4ED6-4168-83DA-A63AFD7655DD}.Debug|Any CPU.Build.0 = Debug|Any CPU
		{77BE55D8-4ED6-4168-83DA-A63AFD7655DD}.Release|Any CPU.ActiveCfg = Release|Any CPU
		{77BE55D8-4ED6-4168-83DA-A63AFD7655DD}.Release|Any CPU.Build.0 = Release|Any CPU
	EndGlobalSection
	GlobalSection(SolutionProperties) = preSolution
		HideSolutionNode = FALSE
	EndGlobalSection
	GlobalSection(ExtensibilityGlobals) = postSolution
		SolutionGuid = {01F05E3F-1694-4FF4-893D-9395B181A2A8}
	EndGlobalSection
EndGlobal
